
Microsoft Visual Studio Solution File, Format Version 12.00
# Visual Studio Version 17
VisualStudioVersion = 17.10.35013.160
MinimumVisualStudioVersion = 10.0.40219.1
Project("{888888A0-9F3D-457C-B088-3A5042F75D52}") = "Login System 2", "Login System 2\Login System 2.pyproj", "{981301A7-4F94-437F-9B5F-4CA41957786C}"
EndProject
Global
	GlobalSection(SolutionConfigurationPlatforms) = preSolution
		Debug|Any CPU = Debug|Any CPU
		Release|Any CPU = Release|Any CPU
	EndGlobalSection
	GlobalSection(ProjectConfigurationPlatforms) = postSolution
		{981301A7-4F94-437F-9B5F-4CA41957786C}.Debug|Any CPU.ActiveCfg = Debug|Any CPU
		{981301A7-4F94-437F-9B5F-4CA41957786C}.Release|Any CPU.ActiveCfg = Release|Any CPU
	EndGlobalSection
	GlobalSection(SolutionProperties) = preSolution
		HideSolutionNode = FALSE
	EndGlobalSection
	GlobalSection(ExtensibilityGlobals) = postSolution
		SolutionGuid = {A836EE99-BE5F-4543-9236-73B5E4922F2B}
	EndGlobalSection
EndGlobal
